
Microsoft Visual Studio Solution File, Format Version 12.00
# Visual Studio Version 16
VisualStudioVersion = 16.0.29905.134
MinimumVisualStudioVersion = 10.0.40219.1
Project("{FAE04EC0-301F-11D3-BF4B-00C04F79EFBC}") = "WindowsFormsApp1", "WindowsFormsApp1\WindowsFormsApp1.csproj", "{A141CC80-A14C-4FF4-B60D-A5EB51AC8932}"
EndProject
Project("{FAE04EC0-301F-11D3-BF4B-00C04F79EFBC}") = "ConsoleApp2", "..\..\ConsoleApp2\ConsoleApp2\ConsoleApp2.csproj", "{F5D17AAC-0808-494F-9B96-04F8405875E8}"
EndProject
Global
	GlobalSection(SolutionConfigurationPlatforms) = preSolution
		Debug|Any CPU = Debug|Any CPU
		Release|Any CPU = Release|Any CPU
	EndGlobalSection
	GlobalSection(ProjectConfigurationPlatforms) = postSolution
		{A141CC80-A14C-4FF4-B60D-A5EB51AC8932}.Debug|Any CPU.ActiveCfg = Debug|Any CPU
		{A141CC80-A14C-4FF4-B60D-A5EB51AC8932}.Debug|Any CPU.Build.0 = Debug|Any CPU
		{A141CC80-A14C-4FF4-B60D-A5EB51AC8932}.Release|Any CPU.ActiveCfg = Release|Any CPU
		{A141CC80-A14C-4FF4-B60D-A5EB51AC8932}.Release|Any CPU.Build.0 = Release|Any CPU
		{F5D17AAC-0808-494F-9B96-04F8405875E8}.Debug|Any CPU.ActiveCfg = Debug|Any CPU
		{F5D17AAC-0808-494F-9B96-04F8405875E8}.Debug|Any CPU.Build.0 = Debug|Any CPU
		{F5D17AAC-0808-494F-9B96-04F8405875E8}.Release|Any CPU.ActiveCfg = Release|Any CPU
		{F5D17AAC-0808-494F-9B96-04F8405875E8}.Release|Any CPU.Build.0 = Release|Any CPU
	EndGlobalSection
	GlobalSection(SolutionProperties) = preSolution
		HideSolutionNode = FALSE
	EndGlobalSection
	GlobalSection(ExtensibilityGlobals) = postSolution
		SolutionGuid = {6719E35C-8F17-428C-A6B3-AE7A7934771F}
	EndGlobalSection
EndGlobal
